
Microsoft Visual Studio Solution File, Format Version 12.00
# Visual Studio 15
VisualStudioVersion = 15.0.28010.2016
MinimumVisualStudioVersion = 10.0.40219.1
Project("{FAE04EC0-301F-11D3-BF4B-00C04F79EFBC}") = "XFAuthentication.Android", "XFAuthentication\XFAuthentication.Android\XFAuthentication.Android.csproj", "{A78A0FBD-FED2-4C33-81FC-B910DE597AF8}"
EndProject
Project("{FAE04EC0-301F-11D3-BF4B-00C04F79EFBC}") = "XFAuthentication.iOS", "XFAuthentication\XFAuthentication.iOS\XFAuthentication.iOS.csproj", "{67CC18B3-36EE-43C6-B561-4A6ADABB2F01}"
EndProject
Project("{FAE04EC0-301F-11D3-BF4B-00C04F79EFBC}") = "XFAuthentication.UWP", "XFAuthentication\XFAuthentication.UWP\XFAuthentication.UWP.csproj", "{CDC60472-27F2-44ED-A6BA-5CB620EC496A}"
EndProject
Project("{FAE04EC0-301F-11D3-BF4B-00C04F79EFBC}") = "XFAuthentication", "XFAuthentication\XFAuthentication\XFAuthentication.csproj", "{BEF53D67-D66C-4B7B-9A40-CFC91E95F3EB}"
EndProject
Project("{FAE04EC0-301F-11D3-BF4B-00C04F79EFBC}") = "XFAPI", "XFAPI\XFAPI.csproj", "{2003C8B0-113B-462B-A2F8-DCF4AFDC28E0}"
EndProject
Project("{2150E333-8FDC-42A3-9474-1A3956D46DE8}") = "Mobile", "Mobile", "{AFC5692D-D5ED-49B4-8AB9-2C0925D83C2E}"
EndProject
Global
	GlobalSection(SolutionConfigurationPlatforms) = preSolution
		Ad-Hoc|Any CPU = Ad-Hoc|Any CPU
		Ad-Hoc|ARM = Ad-Hoc|ARM
		Ad-Hoc|iPhone = Ad-Hoc|iPhone
		Ad-Hoc|iPhoneSimulator = Ad-Hoc|iPhoneSimulator
		Ad-Hoc|x64 = Ad-Hoc|x64
		Ad-Hoc|x86 = Ad-Hoc|x86
		AppStore|Any CPU = AppStore|Any CPU
		AppStore|ARM = AppStore|ARM
		AppStore|iPhone = AppStore|iPhone
		AppStore|iPhoneSimulator = AppStore|iPhoneSimulator
		AppStore|x64 = AppStore|x64
		AppStore|x86 = AppStore|x86
		Debug|Any CPU = Debug|Any CPU
		Debug|ARM = Debug|ARM
		Debug|iPhone = Debug|iPhone
		Debug|iPhoneSimulator = Debug|iPhoneSimulator
		Debug|x64 = Debug|x64
		Debug|x86 = Debug|x86
		Release|Any CPU = Release|Any CPU
		Release|ARM = Release|ARM
		Release|iPhone = Release|iPhone
		Release|iPhoneSimulator = Release|iPhoneSimulator
		Release|x64 = Release|x64
		Release|x86 = Release|x86
	EndGlobalSection
	GlobalSection(ProjectConfigurationPlatforms) = postSolution
		{A78A0FBD-FED2-4C33-81FC-B910DE597AF8}.Ad-Hoc|Any CPU.ActiveCfg = Release|Any CPU
		{A78A0FBD-FED2-4C33-81FC-B910DE597AF8}.Ad-Hoc|Any CPU.Build.0 = Release|Any CPU
		{A78A0FBD-FED2-4C33-81FC-B910DE597AF8}.Ad-Hoc|Any CPU.Deploy.0 = Release|Any CPU
		{A78A0FBD-FED2-4C33-81FC-B910DE597AF8}.Ad-Hoc|ARM.ActiveCfg = Release|Any CPU
		{A78A0FBD-FED2-4C33-81FC-B910DE597AF8}.Ad-Hoc|ARM.Build.0 = Release|Any CPU
		{A78A0FBD-FED2-4C33-81FC-B910DE597AF8}.Ad-Hoc|ARM.Deploy.0 = Release|Any CPU
		{A78A0FBD-FED2-4C33-81FC-B910DE597AF8}.Ad-Hoc|iPhone.ActiveCfg = Release|Any CPU
		{A78A0FBD-FED2-4C33-81FC-B910DE597AF8}.Ad-Hoc|iPhone.Build.0 = Release|Any CPU
		{A78A0FBD-FED2-4C33-81FC-B910DE597AF8}.Ad-Hoc|iPhone.Deploy.0 = Release|Any CPU
		{A78A0FBD-FED2-4C33-81FC-B910DE597AF8}.Ad-Hoc|iPhoneSimulator.ActiveCfg = Release|Any CPU
		{A78A0FBD-FED2-4C33-81FC-B910DE597AF8}.Ad-Hoc|iPhoneSimulator.Build.0 = Release|Any CPU
		{A78A0FBD-FED2-4C33-81FC-B910DE597AF8}.Ad-Hoc|iPhoneSimulator.Deploy.0 = Release|Any CPU
		{A78A0FBD-FED2-4C33-81FC-B910DE597AF8}.Ad-Hoc|x64.ActiveCfg = Release|Any CPU
		{A78A0FBD-FED2-4C33-81FC-B910DE597AF8}.Ad-Hoc|x64.Build.0 = Release|Any CPU
		{A78A0FBD-FED2-4C33-81FC-B910DE597AF8}.Ad-Hoc|x64.Deploy.0 = Release|Any CPU
		{A78A0FBD-FED2-4C33-81FC-B910DE597AF8}.Ad-Hoc|x86.ActiveCfg = Release|Any CPU
		{A78A0FBD-FED2-4C33-81FC-B910DE597AF8}.Ad-Hoc|x86.Build.0 = Release|Any CPU
		{A78A0FBD-FED2-4C33-81FC-B910DE597AF8}.Ad-Hoc|x86.Deploy.0 = Release|Any CPU
		{A78A0FBD-FED2-4C33-81FC-B910DE597AF8}.AppStore|Any CPU.ActiveCfg = Release|Any CPU
		{A78A0FBD-FED2-4C33-81FC-B910DE597AF8}.AppStore|Any CPU.Build.0 = Release|Any CPU
		{A78A0FBD-FED2-4C33-81FC-B910DE597AF8}.AppStore|Any CPU.Deploy.0 = Release|Any CPU
		{A78A0FBD-FED2-4C33-81FC-B910DE597AF8}.AppStore|ARM.ActiveCfg = Release|Any CPU
		{A78A0FBD-FED2-4C33-81FC-B910DE597AF8}.AppStore|ARM.Build.0 = Release|Any CPU
		{A78A0FBD-FED2-4C33-81FC-B910DE597AF8}.AppStore|ARM.Deploy.0 = Release|Any CPU
		{A78A0FBD-FED2-4C33-81FC-B910DE597AF8}.AppStore|iPhone.ActiveCfg = Release|Any CPU
		{A78A0FBD-FED2-4C33-81FC-B910DE597AF8}.AppStore|iPhone.Build.0 = Release|Any CPU
		{A78A0FBD-FED2-4C33-81FC-B910DE597AF8}.AppStore|iPhone.Deploy.0 = Release|Any CPU
		{A78A0FBD-FED2-4C33-81FC-B910DE597AF8}.AppStore|iPhoneSimulator.ActiveCfg = Release|Any CPU
		{A78A0FBD-FED2-4C33-81FC-B910DE597AF8}.AppStore|iPhoneSimulator.Build.0 = Release|Any CPU
		{A78A0FBD-FED2-4C33-81FC-B910DE597AF8}.AppStore|iPhoneSimulator.Deploy.0 = Release|Any CPU
		{A78A0FBD-FED2-4C33-81FC-B910DE597AF8}.AppStore|x64.ActiveCfg = Release|Any CPU
		{A78A0FBD-FED2-4C33-81FC-B910DE597AF8}.AppStore|x64.Build.0 = Release|Any CPU
		{A78A0FBD-FED2-4C33-81FC-B910DE597AF8}.AppStore|x64.Deploy.0 = Release|Any CPU
		{A78A0FBD-FED2-4C33-81FC-B910DE597AF8}.AppStore|x86.ActiveCfg = Release|Any CPU
		{A78A0FBD-FED2-4C33-81FC-B910DE597AF8}.AppStore|x86.Build.0 = Release|Any CPU
		{A78A0FBD-FED2-4C33-81FC-B910DE597AF8}.AppStore|x86.Deploy.0 = Release|Any CPU
		{A78A0FBD-FED2-4C33-81FC-B910DE597AF8}.Debug|Any CPU.ActiveCfg = Debug|Any CPU
		{A78A0FBD-FED2-4C33-81FC-B910DE597AF8}.Debug|Any CPU.Build.0 = Debug|Any CPU
		{A78A0FBD-FED2-4C33-81FC-B910DE597AF8}.Debug|Any CPU.Deploy.0 = Debug|Any CPU
		{A78A0FBD-FED2-4C33-81FC-B910DE597AF8}.Debug|ARM.ActiveCfg = Debug|Any CPU
		{A78A0FBD-FED2-4C33-81FC-B910DE597AF8}.Debug|ARM.Build.0 = Debug|Any CPU
		{A78A0FBD-FED2-4C33-81FC-B910DE597AF8}.Debug|ARM.Deploy.0 = Debug|Any CPU
		{A78A0FBD-FED2-4C33-81FC-B910DE597AF8}.Debug|iPhone.ActiveCfg = Debug|Any CPU
		{A78A0FBD-FED2-4C33-81FC-B910DE597AF8}.Debug|iPhone.Build.0 = Debug|Any CPU
		{A78A0FBD-FED2-4C33-81FC-B910DE597AF8}.Debug|iPhone.Deploy.0 = Debug|Any CPU
		{A78A0FBD-FED2-4C33-81FC-B910DE597AF8}.Debug|iPhoneSimulator.ActiveCfg = Debug|Any CPU
		{A78A0FBD-FED2-4C33-81FC-B910DE597AF8}.Debug|iPhoneSimulator.Build.0 = Debug|Any CPU
		{A78A0FBD-FED2-4C33-81FC-B910DE597AF8}.Debug|iPhoneSimulator.Deploy.0 = Debug|Any CPU
		{A78A0FBD-FED2-4C33-81FC-B910DE597AF8}.Debug|x64.ActiveCfg = Debug|Any CPU
		{A78A0FBD-FED2-4C33-81FC-B910DE597AF8}.Debug|x64.Build.0 = Debug|Any CPU
		{A78A0FBD-FED2-4C33-81FC-B910DE597AF8}.Debug|x64.Deploy.0 = Debug|Any CPU
		{A78A0FBD-FED2-4C33-81FC-B910DE597AF8}.Debug|x86.ActiveCfg = Debug|Any CPU
		{A78A0FBD-FED2-4C33-81FC-B910DE597AF8}.Debug|x86.Build.0 = Debug|Any CPU
		{A78A0FBD-FED2-4C33-81FC-B910DE597AF8}.Debug|x86.Deploy.0 = Debug|Any CPU
		{A78A0FBD-FED2-4C33-81FC-B910DE597AF8}.Release|Any CPU.ActiveCfg = Release|Any CPU
		{A78A0FBD-FED2-4C33-81FC-B910DE597AF8}.Release|Any CPU.Build.0 = Release|Any CPU
		{A78A0FBD-FED2-4C33-81FC-B910DE597AF8}.Release|Any CPU.Deploy.0 = Release|Any CPU
		{A78A0FBD-FED2-4C33-81FC-B910DE597AF8}.Release|ARM.ActiveCfg = Release|Any CPU
		{A78A0FBD-FED2-4C33-81FC-B910DE597AF8}.Release|ARM.Build.0 = Release|Any CPU
		{A78A0FBD-FED2-4C33-81FC-B910DE597AF8}.Release|ARM.Deploy.0 = Release|Any CPU
		{A78A0FBD-FED2-4C33-81FC-B910DE597AF8}.Release|iPhone.ActiveCfg = Release|Any CPU
		{A78A0FBD-FED2-4C33-81FC-B910DE597AF8}.Release|iPhone.Build.0 = Release|Any CPU
		{A78A0FBD-FED2-4C33-81FC-B910DE597AF8}.Release|iPhone.Deploy.0 = Release|Any CPU
		{A78A0FBD-FED2-4C33-81FC-B910DE597AF8}.Release|iPhoneSimulator.ActiveCfg = Release|Any CPU
		{A78A0FBD-FED2-4C33-81FC-B910DE597AF8}.Release|iPhoneSimulator.Build.0 = Release|Any CPU
		{A78A0FBD-FED2-4C33-81FC-B910DE597AF8}.Release|iPhoneSimulator.Deploy.0 = Release|Any CPU
		{A78A0FBD-FED2-4C33-81FC-B910DE597AF8}.Release|x64.ActiveCfg = Release|Any CPU
		{A78A0FBD-FED2-4C33-81FC-B910DE597AF8}.Release|x64.Build.0 = Release|Any CPU
		{A78A0FBD-FED2-4C33-81FC-B910DE597AF8}.Release|x64.Deploy.0 = Release|Any CPU
		{A78A0FBD-FED2-4C33-81FC-B910DE597AF8}.Release|x86.ActiveCfg = Release|Any CPU
		{A78A0FBD-FED2-4C33-81FC-B910DE597AF8}.Release|x86.Build.0 = Release|Any CPU
		{A78A0FBD-FED2-4C33-81FC-B910DE597AF8}.Release|x86.Deploy.0 = Release|Any CPU
		{67CC18B3-36EE-43C6-B561-4A6ADABB2F01}.Ad-Hoc|Any CPU.ActiveCfg = Ad-Hoc|iPhone
		{67CC18B3-36EE-43C6-B561-4A6ADABB2F01}.Ad-Hoc|Any CPU.Build.0 = Ad-Hoc|iPhone
		{67CC18B3-36EE-43C6-B561-4A6ADABB2F01}.Ad-Hoc|Any CPU.Deploy.0 = Ad-Hoc|iPhone
		{67CC18B3-36EE-43C6-B561-4A6ADABB2F01}.Ad-Hoc|ARM.ActiveCfg = Ad-Hoc|iPhone
		{67CC18B3-36EE-43C6-B561-4A6ADABB2F01}.Ad-Hoc|ARM.Build.0 = Ad-Hoc|iPhone
		{67CC18B3-36EE-43C6-B561-4A6ADABB2F01}.Ad-Hoc|ARM.Deploy.0 = Ad-Hoc|iPhone
		{67CC18B3-36EE-43C6-B561-4A6ADABB2F01}.Ad-Hoc|iPhone.ActiveCfg = Ad-Hoc|iPhone
		{67CC18B3-36EE-43C6-B561-4A6ADABB2F01}.Ad-Hoc|iPhone.Build.0 = Ad-Hoc|iPhone
		{67CC18B3-36EE-43C6-B561-4A6ADABB2F01}.Ad-Hoc|iPhone.Deploy.0 = Ad-Hoc|iPhone
		{67CC18B3-36EE-43C6-B561-4A6ADABB2F01}.Ad-Hoc|iPhoneSimulator.ActiveCfg = Ad-Hoc|iPhoneSimulator
		{67CC18B3-36EE-43C6-B561-4A6ADABB2F01}.Ad-Hoc|iPhoneSimulator.Build.0 = Ad-Hoc|iPhoneSimulator
		{67CC18B3-36EE-43C6-B561-4A6ADABB2F01}.Ad-Hoc|iPhoneSimulator.Deploy.0 = Ad-Hoc|iPhoneSimulator
		{67CC18B3-36EE-43C6-B561-4A6ADABB2F01}.Ad-Hoc|x64.ActiveCfg = Ad-Hoc|iPhone
		{67CC18B3-36EE-43C6-B561-4A6ADABB2F01}.Ad-Hoc|x64.Build.0 = Ad-Hoc|iPhone
		{67CC18B3-36EE-43C6-B561-4A6ADABB2F01}.Ad-Hoc|x64.Deploy.0 = Ad-Hoc|iPhone
		{67CC18B3-36EE-43C6-B561-4A6ADABB2F01}.Ad-Hoc|x86.ActiveCfg = Ad-Hoc|iPhone
		{67CC18B3-36EE-43C6-B561-4A6ADABB2F01}.Ad-Hoc|x86.Build.0 = Ad-Hoc|iPhone
		{67CC18B3-36EE-43C6-B561-4A6ADABB2F01}.Ad-Hoc|x86.Deploy.0 = Ad-Hoc|iPhone
		{67CC18B3-36EE-43C6-B561-4A6ADABB2F01}.AppStore|Any CPU.ActiveCfg = AppStore|iPhone
		{67CC18B3-36EE-43C6-B561-4A6ADABB2F01}.AppStore|Any CPU.Build.0 = AppStore|iPhone
		{67CC18B3-36EE-43C6-B561-4A6ADABB2F01}.AppStore|Any CPU.Deploy.0 = AppStore|iPhone
		{67CC18B3-36EE-43C6-B561-4A6ADABB2F01}.AppStore|ARM.ActiveCfg = AppStore|iPhone
		{67CC18B3-36EE-43C6-B561-4A6ADABB2F01}.AppStore|ARM.Build.0 = AppStore|iPhone
		{67CC18B3-36EE-43C6-B561-4A6ADABB2F01}.AppStore|ARM.Deploy.0 = AppStore|iPhone
		{67CC18B3-36EE-43C6-B561-4A6ADABB2F01}.AppStore|iPhone.ActiveCfg = AppStore|iPhone
		{67CC18B3-36EE-43C6-B561-4A6ADABB2F01}.AppStore|iPhone.Build.0 = AppStore|iPhone
		{67CC18B3-36EE-43C6-B561-4A6ADABB2F01}.AppStore|iPhone.Deploy.0 = AppStore|iPhone
		{67CC18B3-36EE-43C6-B561-4A6ADABB2F01}.AppStore|iPhoneSimulator.ActiveCfg = AppStore|iPhoneSimulator
		{67CC18B3-36EE-43C6-B561-4A6ADABB2F01}.AppStore|iPhoneSimulator.Build.0 = AppStore|iPhoneSimulator
		{67CC18B3-36EE-43C6-B561-4A6ADABB2F01}.AppStore|iPhoneSimulator.Deploy.0 = AppStore|iPhoneSimulator
		{67CC18B3-36EE-43C6-B561-4A6ADABB2F01}.AppStore|x64.ActiveCfg = AppStore|iPhone
		{67CC18B3-36EE-43C6-B561-4A6ADABB2F01}.AppStore|x64.Build.0 = AppStore|iPhone
		{67CC18B3-36EE-43C6-B561-4A6ADABB2F01}.AppStore|x64.Deploy.0 = AppStore|iPhone
		{67CC18B3-36EE-43C6-B561-4A6ADABB2F01}.AppStore|x86.ActiveCfg = AppStore|iPhone
		{67CC18B3-36EE-43C6-B561-4A6ADABB2F01}.AppStore|x86.Build.0 = AppStore|iPhone
		{67CC18B3-36EE-43C6-B561-4A6ADABB2F01}.AppStore|x86.Deploy.0 = AppStore|iPhone
		{67CC18B3-36EE-43C6-B561-4A6ADABB2F01}.Debug|Any CPU.ActiveCfg = Debug|iPhoneSimulator
		{67CC18B3-36EE-43C6-B561-4A6ADABB2F01}.Debug|Any CPU.Build.0 = Debug|iPhoneSimulator
		{67CC18B3-36EE-43C6-B561-4A6ADABB2F01}.Debug|Any CPU.Deploy.0 = Debug|iPhoneSimulator
		{67CC18B3-36EE-43C6-B561-4A6ADABB2F01}.Debug|ARM.ActiveCfg = Debug|iPhone
		{67CC18B3-36EE-43C6-B561-4A6ADABB2F01}.Debug|ARM.Build.0 = Debug|iPhone
		{67CC18B3-36EE-43C6-B561-4A6ADABB2F01}.Debug|ARM.Deploy.0 = Debug|iPhone
		{67CC18B3-36EE-43C6-B561-4A6ADABB2F01}.Debug|iPhone.ActiveCfg = Debug|iPhone
		{67CC18B3-36EE-43C6-B561-4A6ADABB2F01}.Debug|iPhone.Build.0 = Debug|iPhone
		{67CC18B3-36EE-43C6-B561-4A6ADABB2F01}.Debug|iPhone.Deploy.0 = Debug|iPhone
		{67CC18B3-36EE-43C6-B561-4A6ADABB2F01}.Debug|iPhoneSimulator.ActiveCfg = Debug|iPhoneSimulator
		{67CC18B3-36EE-43C6-B561-4A6ADABB2F01}.Debug|iPhoneSimulator.Build.0 = Debug|iPhoneSimulator
		{67CC18B3-36EE-43C6-B561-4A6ADABB2F01}.Debug|iPhoneSimulator.Deploy.0 = Debug|iPhoneSimulator
		{67CC18B3-36EE-43C6-B561-4A6ADABB2F01}.Debug|x64.ActiveCfg = Debug|iPhone
		{67CC18B3-36EE-43C6-B561-4A6ADABB2F01}.Debug|x64.Build.0 = Debug|iPhone
		{67CC18B3-36EE-43C6-B561-4A6ADABB2F01}.Debug|x64.Deploy.0 = Debug|iPhone
		{67CC18B3-36EE-43C6-B561-4A6ADABB2F01}.Debug|x86.ActiveCfg = Debug|iPhone
		{67CC18B3-36EE-43C6-B561-4A6ADABB2F01}.Debug|x86.Build.0 = Debug|iPhone
		{67CC18B3-36EE-43C6-B561-4A6ADABB2F01}.Debug|x86.Deploy.0 = Debug|iPhone
		{67CC18B3-36EE-43C6-B561-4A6ADABB2F01}.Release|Any CPU.ActiveCfg = Release|iPhone
		{67CC18B3-36EE-43C6-B561-4A6ADABB2F01}.Release|Any CPU.Build.0 = Release|iPhone
		{67CC18B3-36EE-43C6-B561-4A6ADABB2F01}.Release|Any CPU.Deploy.0 = Release|iPhone
		{67CC18B3-36EE-43C6-B561-4A6ADABB2F01}.Release|ARM.ActiveCfg = Release|iPhone
		{67CC18B3-36EE-43C6-B561-4A6ADABB2F01}.Release|ARM.Build.0 = Release|iPhone
		{67CC18B3-36EE-43C6-B561-4A6ADABB2F01}.Release|ARM.Deploy.0 = Release|iPhone
		{67CC18B3-36EE-43C6-B561-4A6ADABB2F01}.Release|iPhone.ActiveCfg = Release|iPhone
		{67CC18B3-36EE-43C6-B561-4A6ADABB2F01}.Release|iPhone.Build.0 = Release|iPhone
		{67CC18B3-36EE-43C6-B561-4A6ADABB2F01}.Release|iPhone.Deploy.0 = Release|iPhone
		{67CC18B3-36EE-43C6-B561-4A6ADABB2F01}.Release|iPhoneSimulator.ActiveCfg = Release|iPhoneSimulator
		{67CC18B3-36EE-43C6-B561-4A6ADABB2F01}.Release|iPhoneSimulator.Build.0 = Release|iPhoneSimulator
		{67CC18B3-36EE-43C6-B561-4A6ADABB2F01}.Release|iPhoneSimulator.Deploy.0 = Release|iPhoneSimulator
		{67CC18B3-36EE-43C6-B561-4A6ADABB2F01}.Release|x64.ActiveCfg = Release|iPhone
		{67CC18B3-36EE-43C6-B561-4A6ADABB2F01}.Release|x64.Build.0 = Release|iPhone
		{67CC18B3-36EE-43C6-B561-4A6ADABB2F01}.Release|x64.Deploy.0 = Release|iPhone
		{67CC18B3-36EE-43C6-B561-4A6ADABB2F01}.Release|x86.ActiveCfg = Release|iPhone
		{67CC18B3-36EE-43C6-B561-4A6ADABB2F01}.Release|x86.Build.0 = Release|iPhone
		{67CC18B3-36EE-43C6-B561-4A6ADABB2F01}.Release|x86.Deploy.0 = Release|iPhone
		{CDC60472-27F2-44ED-A6BA-5CB620EC496A}.Ad-Hoc|Any CPU.ActiveCfg = Release|x86
		{CDC60472-27F2-44ED-A6BA-5CB620EC496A}.Ad-Hoc|Any CPU.Build.0 = Release|x86
		{CDC60472-27F2-44ED-A6BA-5CB620EC496A}.Ad-Hoc|Any CPU.Deploy.0 = Release|x86
		{CDC60472-27F2-44ED-A6BA-5CB620EC496A}.Ad-Hoc|ARM.ActiveCfg = Release|ARM
		{CDC60472-27F2-44ED-A6BA-5CB620EC496A}.Ad-Hoc|ARM.Build.0 = Release|ARM
		{CDC60472-27F2-44ED-A6BA-5CB620EC496A}.Ad-Hoc|ARM.Deploy.0 = Release|ARM
		{CDC60472-27F2-44ED-A6BA-5CB620EC496A}.Ad-Hoc|iPhone.ActiveCfg = Release|x86
		{CDC60472-27F2-44ED-A6BA-5CB620EC496A}.Ad-Hoc|iPhone.Build.0 = Release|x86
		{CDC60472-27F2-44ED-A6BA-5CB620EC496A}.Ad-Hoc|iPhone.Deploy.0 = Release|x86
		{CDC60472-27F2-44ED-A6BA-5CB620EC496A}.Ad-Hoc|iPhoneSimulator.ActiveCfg = Release|x86
		{CDC60472-27F2-44ED-A6BA-5CB620EC496A}.Ad-Hoc|iPhoneSimulator.Build.0 = Release|x86
		{CDC60472-27F2-44ED-A6BA-5CB620EC496A}.Ad-Hoc|iPhoneSimulator.Deploy.0 = Release|x86
		{CDC60472-27F2-44ED-A6BA-5CB620EC496A}.Ad-Hoc|x64.ActiveCfg = Release|x64
		{CDC60472-27F2-44ED-A6BA-5CB620EC496A}.Ad-Hoc|x64.Build.0 = Release|x64
		{CDC60472-27F2-44ED-A6BA-5CB620EC496A}.Ad-Hoc|x64.Deploy.0 = Release|x64
		{CDC60472-27F2-44ED-A6BA-5CB620EC496A}.Ad-Hoc|x86.ActiveCfg = Release|x86
		{CDC60472-27F2-44ED-A6BA-5CB620EC496A}.Ad-Hoc|x86.Build.0 = Release|x86
		{CDC60472-27F2-44ED-A6BA-5CB620EC496A}.Ad-Hoc|x86.Deploy.0 = Release|x86
		{CDC60472-27F2-44ED-A6BA-5CB620EC496A}.AppStore|Any CPU.ActiveCfg = Release|x86
		{CDC60472-27F2-44ED-A6BA-5CB620EC496A}.AppStore|Any CPU.Build.0 = Release|x86
		{CDC60472-27F2-44ED-A6BA-5CB620EC496A}.AppStore|Any CPU.Deploy.0 = Release|x86
		{CDC60472-27F2-44ED-A6BA-5CB620EC496A}.AppStore|ARM.ActiveCfg = Release|ARM
		{CDC60472-27F2-44ED-A6BA-5CB620EC496A}.AppStore|ARM.Build.0 = Release|ARM
		{CDC60472-27F2-44ED-A6BA-5CB620EC496A}.AppStore|ARM.Deploy.0 = Release|ARM
		{CDC60472-27F2-44ED-A6BA-5CB620EC496A}.AppStore|iPhone.ActiveCfg = Release|x86
		{CDC60472-27F2-44ED-A6BA-5CB620EC496A}.AppStore|iPhone.Build.0 = Release|x86
		{CDC60472-27F2-44ED-A6BA-5CB620EC496A}.AppStore|iPhone.Deploy.0 = Release|x86
		{CDC60472-27F2-44ED-A6BA-5CB620EC496A}.AppStore|iPhoneSimulator.ActiveCfg = Release|x86
		{CDC60472-27F2-44ED-A6BA-5CB620EC496A}.AppStore|iPhoneSimulator.Build.0 = Release|x86
		{CDC60472-27F2-44ED-A6BA-5CB620EC496A}.AppStore|iPhoneSimulator.Deploy.0 = Release|x86
		{CDC60472-27F2-44ED-A6BA-5CB620EC496A}.AppStore|x64.ActiveCfg = Release|x64
		{CDC60472-27F2-44ED-A6BA-5CB620EC496A}.AppStore|x64.Build.0 = Release|x64
		{CDC60472-27F2-44ED-A6BA-5CB620EC496A}.AppStore|x64.Deploy.0 = Release|x64
		{CDC60472-27F2-44ED-A6BA-5CB620EC496A}.AppStore|x86.ActiveCfg = Release|x86
		{CDC60472-27F2-44ED-A6BA-5CB620EC496A}.AppStore|x86.Build.0 = Release|x86
		{CDC60472-27F2-44ED-A6BA-5CB620EC496A}.AppStore|x86.Deploy.0 = Release|x86
		{CDC60472-27F2-44ED-A6BA-5CB620EC496A}.Debug|Any CPU.ActiveCfg = Debug|x86
		{CDC60472-27F2-44ED-A6BA-5CB620EC496A}.Debug|Any CPU.Build.0 = Debug|x86
		{CDC60472-27F2-44ED-A6BA-5CB620EC496A}.Debug|Any CPU.Deploy.0 = Debug|x86
		{CDC60472-27F2-44ED-A6BA-5CB620EC496A}.Debug|ARM.ActiveCfg = Debug|ARM
		{CDC60472-27F2-44ED-A6BA-5CB620EC496A}.Debug|ARM.Build.0 = Debug|ARM
		{CDC60472-27F2-44ED-A6BA-5CB620EC496A}.Debug|ARM.Deploy.0 = Debug|ARM
		{CDC60472-27F2-44ED-A6BA-5CB620EC496A}.Debug|iPhone.ActiveCfg = Debug|x86
		{CDC60472-27F2-44ED-A6BA-5CB620EC496A}.Debug|iPhone.Build.0 = Debug|x86
		{CDC60472-27F2-44ED-A6BA-5CB620EC496A}.Debug|iPhone.Deploy.0 = Debug|x86
		{CDC60472-27F2-44ED-A6BA-5CB620EC496A}.Debug|iPhoneSimulator.ActiveCfg = Debug|x86
		{CDC60472-27F2-44ED-A6BA-5CB620EC496A}.Debug|iPhoneSimulator.Build.0 = Debug|x86
		{CDC60472-27F2-44ED-A6BA-5CB620EC496A}.Debug|iPhoneSimulator.Deploy.0 = Debug|x86
		{CDC60472-27F2-44ED-A6BA-5CB620EC496A}.Debug|x64.ActiveCfg = Debug|x64
		{CDC60472-27F2-44ED-A6BA-5CB620EC496A}.Debug|x64.Build.0 = Debug|x64
		{CDC60472-27F2-44ED-A6BA-5CB620EC496A}.Debug|x64.Deploy.0 = Debug|x64
		{CDC60472-27F2-44ED-A6BA-5CB620EC496A}.Debug|x86.ActiveCfg = Debug|x86
		{CDC60472-27F2-44ED-A6BA-5CB620EC496A}.Debug|x86.Build.0 = Debug|x86
		{CDC60472-27F2-44ED-A6BA-5CB620EC496A}.Debug|x86.Deploy.0 = Debug|x86
		{CDC60472-27F2-44ED-A6BA-5CB620EC496A}.Release|Any CPU.ActiveCfg = Release|x86
		{CDC60472-27F2-44ED-A6BA-5CB620EC496A}.Release|Any CPU.Build.0 = Release|x86
		{CDC60472-27F2-44ED-A6BA-5CB620EC496A}.Release|Any CPU.Deploy.0 = Release|x86
		{CDC60472-27F2-44ED-A6BA-5CB620EC496A}.Release|ARM.ActiveCfg = Release|ARM
		{CDC60472-27F2-44ED-A6BA-5CB620EC496A}.Release|ARM.Build.0 = Release|ARM
		{CDC60472-27F2-44ED-A6BA-5CB620EC496A}.Release|ARM.Deploy.0 = Release|ARM
		{CDC60472-27F2-44ED-A6BA-5CB620EC496A}.Release|iPhone.ActiveCfg = Release|x86
		{CDC60472-27F2-44ED-A6BA-5CB620EC496A}.Release|iPhone.Build.0 = Release|x86
		{CDC60472-27F2-44ED-A6BA-5CB620EC496A}.Release|iPhone.Deploy.0 = Release|x86
		{CDC60472-27F2-44ED-A6BA-5CB620EC496A}.Release|iPhoneSimulator.ActiveCfg = Release|x86
		{CDC60472-27F2-44ED-A6BA-5CB620EC496A}.Release|iPhoneSimulator.Build.0 = Release|x86
		{CDC60472-27F2-44ED-A6BA-5CB620EC496A}.Release|iPhoneSimulator.Deploy.0 = Release|x86
		{CDC60472-27F2-44ED-A6BA-5CB620EC496A}.Release|x64.ActiveCfg = Release|x64
		{CDC60472-27F2-44ED-A6BA-5CB620EC496A}.Release|x64.Build.0 = Release|x64
		{CDC60472-27F2-44ED-A6BA-5CB620EC496A}.Release|x64.Deploy.0 = Release|x64
		{CDC60472-27F2-44ED-A6BA-5CB620EC496A}.Release|x86.ActiveCfg = Release|x86
		{CDC60472-27F2-44ED-A6BA-5CB620EC496A}.Release|x86.Build.0 = Release|x86
		{CDC60472-27F2-44ED-A6BA-5CB620EC496A}.Release|x86.Deploy.0 = Release|x86
		{BEF53D67-D66C-4B7B-9A40-CFC91E95F3EB}.Ad-Hoc|Any CPU.ActiveCfg = Debug|Any CPU
		{BEF53D67-D66C-4B7B-9A40-CFC91E95F3EB}.Ad-Hoc|Any CPU.Build.0 = Debug|Any CPU
		{BEF53D67-D66C-4B7B-9A40-CFC91E95F3EB}.Ad-Hoc|Any CPU.Deploy.0 = Debug|Any CPU
		{BEF53D67-D66C-4B7B-9A40-CFC91E95F3EB}.Ad-Hoc|ARM.ActiveCfg = Debug|Any CPU
		{BEF53D67-D66C-4B7B-9A40-CFC91E95F3EB}.Ad-Hoc|ARM.Build.0 = Debug|Any CPU
		{BEF53D67-D66C-4B7B-9A40-CFC91E95F3EB}.Ad-Hoc|ARM.Deploy.0 = Debug|Any CPU
		{BEF53D67-D66C-4B7B-9A40-CFC91E95F3EB}.Ad-Hoc|iPhone.ActiveCfg = Debug|Any CPU
		{BEF53D67-D66C-4B7B-9A40-CFC91E95F3EB}.Ad-Hoc|iPhone.Build.0 = Debug|Any CPU
		{BEF53D67-D66C-4B7B-9A40-CFC91E95F3EB}.Ad-Hoc|iPhone.Deploy.0 = Debug|Any CPU
		{BEF53D67-D66C-4B7B-9A40-CFC91E95F3EB}.Ad-Hoc|iPhoneSimulator.ActiveCfg = Debug|Any CPU
		{BEF53D67-D66C-4B7B-9A40-CFC91E95F3EB}.Ad-Hoc|iPhoneSimulator.Build.0 = Debug|Any CPU
		{BEF53D67-D66C-4B7B-9A40-CFC91E95F3EB}.Ad-Hoc|iPhoneSimulator.Deploy.0 = Debug|Any CPU
		{BEF53D67-D66C-4B7B-9A40-CFC91E95F3EB}.Ad-Hoc|x64.ActiveCfg = Debug|Any CPU
		{BEF53D67-D66C-4B7B-9A40-CFC91E95F3EB}.Ad-Hoc|x64.Build.0 = Debug|Any CPU
		{BEF53D67-D66C-4B7B-9A40-CFC91E95F3EB}.Ad-Hoc|x64.Deploy.0 = Debug|Any CPU
		{BEF53D67-D66C-4B7B-9A40-CFC91E95F3EB}.Ad-Hoc|x86.ActiveCfg = Debug|Any CPU
		{BEF53D67-D66C-4B7B-9A40-CFC91E95F3EB}.Ad-Hoc|x86.Build.0 = Debug|Any CPU
		{BEF53D67-D66C-4B7B-9A40-CFC91E95F3EB}.Ad-Hoc|x86.Deploy.0 = Debug|Any CPU
		{BEF53D67-D66C-4B7B-9A40-CFC91E95F3EB}.AppStore|Any CPU.ActiveCfg = Debug|Any CPU
		{BEF53D67-D66C-4B7B-9A40-CFC91E95F3EB}.AppStore|Any CPU.Build.0 = Debug|Any CPU
		{BEF53D67-D66C-4B7B-9A40-CFC91E95F3EB}.AppStore|Any CPU.Deploy.0 = Debug|Any CPU
		{BEF53D67-D66C-4B7B-9A40-CFC91E95F3EB}.AppStore|ARM.ActiveCfg = Debug|Any CPU
		{BEF53D67-D66C-4B7B-9A40-CFC91E95F3EB}.AppStore|ARM.Build.0 = Debug|Any CPU
		{BEF53D67-D66C-4B7B-9A40-CFC91E95F3EB}.AppStore|ARM.Deploy.0 = Debug|Any CPU
		{BEF53D67-D66C-4B7B-9A40-CFC91E95F3EB}.AppStore|iPhone.ActiveCfg = Debug|Any CPU
		{BEF53D67-D66C-4B7B-9A40-CFC91E95F3EB}.AppStore|iPhone.Build.0 = Debug|Any CPU
		{BEF53D67-D66C-4B7B-9A40-CFC91E95F3EB}.AppStore|iPhone.Deploy.0 = Debug|Any CPU
		{BEF53D67-D66C-4B7B-9A40-CFC91E95F3EB}.AppStore|iPhoneSimulator.ActiveCfg = Debug|Any CPU
		{BEF53D67-D66C-4B7B-9A40-CFC91E95F3EB}.AppStore|iPhoneSimulator.Build.0 = Debug|Any CPU
		{BEF53D67-D66C-4B7B-9A40-CFC91E95F3EB}.AppStore|iPhoneSimulator.Deploy.0 = Debug|Any CPU
		{BEF53D67-D66C-4B7B-9A40-CFC91E95F3EB}.AppStore|x64.ActiveCfg = Debug|Any CPU
		{BEF53D67-D66C-4B7B-9A40-CFC91E95F3EB}.AppStore|x64.Build.0 = Debug|Any CPU
		{BEF53D67-D66C-4B7B-9A40-CFC91E95F3EB}.AppStore|x64.Deploy.0 = Debug|Any CPU
		{BEF53D67-D66C-4B7B-9A40-CFC91E95F3EB}.AppStore|x86.ActiveCfg = Debug|Any CPU
		{BEF53D67-D66C-4B7B-9A40-CFC91E95F3EB}.AppStore|x86.Build.0 = Debug|Any CPU
		{BEF53D67-D66C-4B7B-9A40-CFC91E95F3EB}.AppStore|x86.Deploy.0 = Debug|Any CPU
		{BEF53D67-D66C-4B7B-9A40-CFC91E95F3EB}.Debug|Any CPU.ActiveCfg = Debug|Any CPU
		{BEF53D67-D66C-4B7B-9A40-CFC91E95F3EB}.Debug|Any CPU.Build.0 = Debug|Any CPU
		{BEF53D67-D66C-4B7B-9A40-CFC91E95F3EB}.Debug|Any CPU.Deploy.0 = Debug|Any CPU
		{BEF53D67-D66C-4B7B-9A40-CFC91E95F3EB}.Debug|ARM.ActiveCfg = Debug|Any CPU
		{BEF53D67-D66C-4B7B-9A40-CFC91E95F3EB}.Debug|ARM.Build.0 = Debug|Any CPU
		{BEF53D67-D66C-4B7B-9A40-CFC91E95F3EB}.Debug|ARM.Deploy.0 = Debug|Any CPU
		{BEF53D67-D66C-4B7B-9A40-CFC91E95F3EB}.Debug|iPhone.ActiveCfg = Debug|Any CPU
		{BEF53D67-D66C-4B7B-9A40-CFC91E95F3EB}.Debug|iPhone.Build.0 = Debug|Any CPU
		{BEF53D67-D66C-4B7B-9A40-CFC91E95F3EB}.Debug|iPhone.Deploy.0 = Debug|Any CPU
		{BEF53D67-D66C-4B7B-9A40-CFC91E95F3EB}.Debug|iPhoneSimulator.ActiveCfg = Debug|Any CPU
		{BEF53D67-D66C-4B7B-9A40-CFC91E95F3EB}.Debug|iPhoneSimulator.Build.0 = Debug|Any CPU
		{BEF53D67-D66C-4B7B-9A40-CFC91E95F3EB}.Debug|iPhoneSimulator.Deploy.0 = Debug|Any CPU
		{BEF53D67-D66C-4B7B-9A40-CFC91E95F3EB}.Debug|x64.ActiveCfg = Debug|Any CPU
		{BEF53D67-D66C-4B7B-9A40-CFC91E95F3EB}.Debug|x64.Build.0 = Debug|Any CPU
		{BEF53D67-D66C-4B7B-9A40-CFC91E95F3EB}.Debug|x64.Deploy.0 = Debug|Any CPU
		{BEF53D67-D66C-4B7B-9A40-CFC91E95F3EB}.Debug|x86.ActiveCfg = Debug|Any CPU
		{BEF53D67-D66C-4B7B-9A40-CFC91E95F3EB}.Debug|x86.Build.0 = Debug|Any CPU
		{BEF53D67-D66C-4B7B-9A40-CFC91E95F3EB}.Debug|x86.Deploy.0 = Debug|Any CPU
		{BEF53D67-D66C-4B7B-9A40-CFC91E95F3EB}.Release|Any CPU.ActiveCfg = Release|Any CPU
		{BEF53D67-D66C-4B7B-9A40-CFC91E95F3EB}.Release|Any CPU.Build.0 = Release|Any CPU
		{BEF53D67-D66C-4B7B-9A40-CFC91E95F3EB}.Release|Any CPU.Deploy.0 = Release|Any CPU
		{BEF53D67-D66C-4B7B-9A40-CFC91E95F3EB}.Release|ARM.ActiveCfg = Release|Any CPU
		{BEF53D67-D66C-4B7B-9A40-CFC91E95F3EB}.Release|ARM.Build.0 = Release|Any CPU
		{BEF53D67-D66C-4B7B-9A40-CFC91E95F3EB}.Release|ARM.Deploy.0 = Release|Any CPU
		{BEF53D67-D66C-4B7B-9A40-CFC91E95F3EB}.Release|iPhone.ActiveCfg = Release|Any CPU
		{BEF53D67-D66C-4B7B-9A40-CFC91E95F3EB}.Release|iPhone.Build.0 = Release|Any CPU
		{BEF53D67-D66C-4B7B-9A40-CFC91E95F3EB}.Release|iPhone.Deploy.0 = Release|Any CPU
		{BEF53D67-D66C-4B7B-9A40-CFC91E95F3EB}.Release|iPhoneSimulator.ActiveCfg = Release|Any CPU
		{BEF53D67-D66C-4B7B-9A40-CFC91E95F3EB}.Release|iPhoneSimulator.Build.0 = Release|Any CPU
		{BEF53D67-D66C-4B7B-9A40-CFC91E95F3EB}.Release|iPhoneSimulator.Deploy.0 = Release|Any CPU
		{BEF53D67-D66C-4B7B-9A40-CFC91E95F3EB}.Release|x64.ActiveCfg = Release|Any CPU
		{BEF53D67-D66C-4B7B-9A40-CFC91E95F3EB}.Release|x64.Build.0 = Release|Any CPU
		{BEF53D67-D66C-4B7B-9A40-CFC91E95F3EB}.Release|x64.Deploy.0 = Release|Any CPU
		{BEF53D67-D66C-4B7B-9A40-CFC91E95F3EB}.Release|x86.ActiveCfg = Release|Any CPU
		{BEF53D67-D66C-4B7B-9A40-CFC91E95F3EB}.Release|x86.Build.0 = Release|Any CPU
		{BEF53D67-D66C-4B7B-9A40-CFC91E95F3EB}.Release|x86.Deploy.0 = Release|Any CPU
		{2003C8B0-113B-462B-A2F8-DCF4AFDC28E0}.Ad-Hoc|Any CPU.ActiveCfg = Release|Any CPU
		{2003C8B0-113B-462B-A2F8-DCF4AFDC28E0}.Ad-Hoc|Any CPU.Build.0 = Release|Any CPU
		{2003C8B0-113B-462B-A2F8-DCF4AFDC28E0}.Ad-Hoc|ARM.ActiveCfg = Release|Any CPU
		{2003C8B0-113B-462B-A2F8-DCF4AFDC28E0}.Ad-Hoc|ARM.Build.0 = Release|Any CPU
		{2003C8B0-113B-462B-A2F8-DCF4AFDC28E0}.Ad-Hoc|iPhone.ActiveCfg = Release|Any CPU
		{2003C8B0-113B-462B-A2F8-DCF4AFDC28E0}.Ad-Hoc|iPhone.Build.0 = Release|Any CPU
		{2003C8B0-113B-462B-A2F8-DCF4AFDC28E0}.Ad-Hoc|iPhoneSimulator.ActiveCfg = Release|Any CPU
		{2003C8B0-113B-462B-A2F8-DCF4AFDC28E0}.Ad-Hoc|iPhoneSimulator.Build.0 = Release|Any CPU
		{2003C8B0-113B-462B-A2F8-DCF4AFDC28E0}.Ad-Hoc|x64.ActiveCfg = Release|Any CPU
		{2003C8B0-113B-462B-A2F8-DCF4AFDC28E0}.Ad-Hoc|x64.Build.0 = Release|Any CPU
		{2003C8B0-113B-462B-A2F8-DCF4AFDC28E0}.Ad-Hoc|x86.ActiveCfg = Release|Any CPU
		{2003C8B0-113B-462B-A2F8-DCF4AFDC28E0}.Ad-Hoc|x86.Build.0 = Release|Any CPU
		{2003C8B0-113B-462B-A2F8-DCF4AFDC28E0}.AppStore|Any CPU.ActiveCfg = Release|Any CPU
		{2003C8B0-113B-462B-A2F8-DCF4AFDC28E0}.AppStore|Any CPU.Build.0 = Release|Any CPU
		{2003C8B0-113B-462B-A2F8-DCF4AFDC28E0}.AppStore|ARM.ActiveCfg = Release|Any CPU
		{2003C8B0-113B-462B-A2F8-DCF4AFDC28E0}.AppStore|ARM.Build.0 = Release|Any CPU
		{2003C8B0-113B-462B-A2F8-DCF4AFDC28E0}.AppStore|iPhone.ActiveCfg = Release|Any CPU
		{2003C8B0-113B-462B-A2F8-DCF4AFDC28E0}.AppStore|iPhone.Build.0 = Release|Any CPU
		{2003C8B0-113B-462B-A2F8-DCF4AFDC28E0}.AppStore|iPhoneSimulator.ActiveCfg = Release|Any CPU
		{2003C8B0-113B-462B-A2F8-DCF4AFDC28E0}.AppStore|iPhoneSimulator.Build.0 = Release|Any CPU
		{2003C8B0-113B-462B-A2F8-DCF4AFDC28E0}.AppStore|x64.ActiveCfg = Release|Any CPU
		{2003C8B0-113B-462B-A2F8-DCF4AFDC28E0}.AppStore|x64.Build.0 = Release|Any CPU
		{2003C8B0-113B-462B-A2F8-DCF4AFDC28E0}.AppStore|x86.ActiveCfg = Release|Any CPU
		{2003C8B0-113B-462B-A2F8-DCF4AFDC28E0}.AppStore|x86.Build.0 = Release|Any CPU
		{2003C8B0-113B-462B-A2F8-DCF4AFDC28E0}.Debug|Any CPU.ActiveCfg = Debug|Any CPU
		{2003C8B0-113B-462B-A2F8-DCF4AFDC28E0}.Debug|Any CPU.Build.0 = Debug|Any CPU
		{2003C8B0-113B-462B-A2F8-DCF4AFDC28E0}.Debug|ARM.ActiveCfg = Debug|Any CPU
		{2003C8B0-113B-462B-A2F8-DCF4AFDC28E0}.Debug|ARM.Build.0 = Debug|Any CPU
		{2003C8B0-113B-462B-A2F8-DCF4AFDC28E0}.Debug|iPhone.ActiveCfg = Debug|Any CPU
		{2003C8B0-113B-462B-A2F8-DCF4AFDC28E0}.Debug|iPhone.Build.0 = Debug|Any CPU
		{2003C8B0-113B-462B-A2F8-DCF4AFDC28E0}.Debug|iPhoneSimulator.ActiveCfg = Debug|Any CPU
		{2003C8B0-113B-462B-A2F8-DCF4AFDC28E0}.Debug|iPhoneSimulator.Build.0 = Debug|Any CPU
		{2003C8B0-113B-462B-A2F8-DCF4AFDC28E0}.Debug|x64.ActiveCfg = Debug|Any CPU
		{2003C8B0-113B-462B-A2F8-DCF4AFDC28E0}.Debug|x64.Build.0 = Debug|Any CPU
		{2003C8B0-113B-462B-A2F8-DCF4AFDC28E0}.Debug|x86.ActiveCfg = Debug|Any CPU
		{2003C8B0-113B-462B-A2F8-DCF4AFDC28E0}.Debug|x86.Build.0 = Debug|Any CPU
		{2003C8B0-113B-462B-A2F8-DCF4AFDC28E0}.Release|Any CPU.ActiveCfg = Release|Any CPU
		{2003C8B0-113B-462B-A2F8-DCF4AFDC28E0}.Release|Any CPU.Build.0 = Release|Any CPU
		{2003C8B0-113B-462B-A2F8-DCF4AFDC28E0}.Release|ARM.ActiveCfg = Release|Any CPU
		{2003C8B0-113B-462B-A2F8-DCF4AFDC28E0}.Release|ARM.Build.0 = Release|Any CPU
		{2003C8B0-113B-462B-A2F8-DCF4AFDC28E0}.Release|iPhone.ActiveCfg = Release|Any CPU
		{2003C8B0-113B-462B-A2F8-DCF4AFDC28E0}.Release|iPhone.Build.0 = Release|Any CPU
		{2003C8B0-113B-462B-A2F8-DCF4AFDC28E0}.Release|iPhoneSimulator.ActiveCfg = Release|Any CPU
		{2003C8B0-113B-462B-A2F8-DCF4AFDC28E0}.Release|iPhoneSimulator.Build.0 = Release|Any CPU
		{2003C8B0-113B-462B-A2F8-DCF4AFDC28E0}.Release|x64.ActiveCfg = Release|Any CPU
		{2003C8B0-113B-462B-A2F8-DCF4AFDC28E0}.Release|x64.Build.0 = Release|Any CPU
		{2003C8B0-113B-462B-A2F8-DCF4AFDC28E0}.Release|x86.ActiveCfg = Release|Any CPU
		{2003C8B0-113B-462B-A2F8-DCF4AFDC28E0}.Release|x86.Build.0 = Release|Any CPU
	EndGlobalSection
	GlobalSection(SolutionProperties) = preSolution
		HideSolutionNode = FALSE
	EndGlobalSection
	GlobalSection(NestedProjects) = preSolution
		{A78A0FBD-FED2-4C33-81FC-B910DE597AF8} = {AFC5692D-D5ED-49B4-8AB9-2C0925D83C2E}
		{67CC18B3-36EE-43C6-B561-4A6ADABB2F01} = {AFC5692D-D5ED-49B4-8AB9-2C0925D83C2E}
		{CDC60472-27F2-44ED-A6BA-5CB620EC496A} = {AFC5692D-D5ED-49B4-8AB9-2C0925D83C2E}
		{BEF53D67-D66C-4B7B-9A40-CFC91E95F3EB} = {AFC5692D-D5ED-49B4-8AB9-2C0925D83C2E}
	EndGlobalSection
	GlobalSection(ExtensibilityGlobals) = postSolution
		SolutionGuid = {C3C38A3D-91F1-4645-9A4B-737A14D9D5BE}
	EndGlobalSection
EndGlobal
